
Microsoft Visual Studio Solution File, Format Version 12.00
# Visual Studio 15
VisualStudioVersion = 15.0.28307.106
MinimumVisualStudioVersion = 10.0.40219.1
Project("{FAE04EC0-301F-11D3-BF4B-00C04F79EFBC}") = "MemoryListTest", "MemoryListTest\MemoryListTest.csproj", "{AABC629C-757E-4841-945D-90917E379EEE}"
EndProject
Project("{FAE04EC0-301F-11D3-BF4B-00C04F79EFBC}") = "MemoryList.Library", "MemoryList.Library\MemoryList.Library.csproj", "{95274E38-D18F-49E2-B04E-F50A353DD09E}"
EndProject
Global
	GlobalSection(SolutionConfigurationPlatforms) = preSolution
		Debug|Any CPU = Debug|Any CPU
		Release|Any CPU = Release|Any CPU
	EndGlobalSection
	GlobalSection(ProjectConfigurationPlatforms) = postSolution
		{AABC629C-757E-4841-945D-90917E379EEE}.Debug|Any CPU.ActiveCfg = Debug|Any CPU
		{AABC629C-757E-4841-945D-90917E379EEE}.Debug|Any CPU.Build.0 = Debug|Any CPU
		{AABC629C-757E-4841-945D-90917E379EEE}.Release|Any CPU.ActiveCfg = Release|Any CPU
		{AABC629C-757E-4841-945D-90917E379EEE}.Release|Any CPU.Build.0 = Release|Any CPU
		{95274E38-D18F-49E2-B04E-F50A353DD09E}.Debug|Any CPU.ActiveCfg = Debug|Any CPU
		{95274E38-D18F-49E2-B04E-F50A353DD09E}.Debug|Any CPU.Build.0 = Debug|Any CPU
		{95274E38-D18F-49E2-B04E-F50A353DD09E}.Release|Any CPU.ActiveCfg = Release|Any CPU
		{95274E38-D18F-49E2-B04E-F50A353DD09E}.Release|Any CPU.Build.0 = Release|Any CPU
	EndGlobalSection
	GlobalSection(SolutionProperties) = preSolution
		HideSolutionNode = FALSE
	EndGlobalSection
	GlobalSection(ExtensibilityGlobals) = postSolution
		SolutionGuid = {4397C9BD-E96A-4701-97DC-FEBC863B099A}
	EndGlobalSection
EndGlobal
