
Microsoft Visual Studio Solution File, Format Version 12.00
# Visual Studio 15
VisualStudioVersion = 15.0.28307.106
MinimumVisualStudioVersion = 10.0.40219.1
Project("{FAE04EC0-301F-11D3-BF4B-00C04F79EFBC}") = "Structs", "Structs\Structs.csproj", "{5A995D40-E1D7-40A6-8449-D441B57E4103}"
EndProject
Global
	GlobalSection(SolutionConfigurationPlatforms) = preSolution
		Debug|Any CPU = Debug|Any CPU
		Release|Any CPU = Release|Any CPU
	EndGlobalSection
	GlobalSection(ProjectConfigurationPlatforms) = postSolution
		{5A995D40-E1D7-40A6-8449-D441B57E4103}.Debug|Any CPU.ActiveCfg = Debug|Any CPU
		{5A995D40-E1D7-40A6-8449-D441B57E4103}.Debug|Any CPU.Build.0 = Debug|Any CPU
		{5A995D40-E1D7-40A6-8449-D441B57E4103}.Release|Any CPU.ActiveCfg = Release|Any CPU
		{5A995D40-E1D7-40A6-8449-D441B57E4103}.Release|Any CPU.Build.0 = Release|Any CPU
	EndGlobalSection
	GlobalSection(SolutionProperties) = preSolution
		HideSolutionNode = FALSE
	EndGlobalSection
	GlobalSection(ExtensibilityGlobals) = postSolution
		SolutionGuid = {513F6B5B-E65D-42E8-93DA-87C6376717B0}
	EndGlobalSection
EndGlobal
